
Microsoft Visual Studio Solution File, Format Version 12.00
# Visual Studio Version 17
VisualStudioVersion = 17.9.34714.143
MinimumVisualStudioVersion = 10.0.40219.1
Project("{FAE04EC0-301F-11D3-BF4B-00C04F79EFBC}") = "Aula2407", "Aula2407\Aula2407.csproj", "{D4CE7F1E-4B64-4018-84DA-66B902B71376}"
EndProject
Global
	GlobalSection(SolutionConfigurationPlatforms) = preSolution
		Debug|Any CPU = Debug|Any CPU
		Release|Any CPU = Release|Any CPU
	EndGlobalSection
	GlobalSection(ProjectConfigurationPlatforms) = postSolution
		{D4CE7F1E-4B64-4018-84DA-66B902B71376}.Debug|Any CPU.ActiveCfg = Debug|Any CPU
		{D4CE7F1E-4B64-4018-84DA-66B902B71376}.Debug|Any CPU.Build.0 = Debug|Any CPU
		{D4CE7F1E-4B64-4018-84DA-66B902B71376}.Release|Any CPU.ActiveCfg = Release|Any CPU
		{D4CE7F1E-4B64-4018-84DA-66B902B71376}.Release|Any CPU.Build.0 = Release|Any CPU
	EndGlobalSection
	GlobalSection(SolutionProperties) = preSolution
		HideSolutionNode = FALSE
	EndGlobalSection
	GlobalSection(ExtensibilityGlobals) = postSolution
		SolutionGuid = {4A151C62-B664-4634-AEE9-1AC287739D36}
	EndGlobalSection
EndGlobal
